// !$*UTF8*$!
{
	archiveVersion = 1;
	classes = {
	};
	objectVersion = 50;
	objects = {

/* Begin PBXBuildFile section */
		D4348BB3253D364E00270D25 /* AppDelegate.swift in Sources */ = {isa = PBXBuildFile; fileRef = D4348BB2253D364E00270D25 /* AppDelegate.swift */; };
		D4348BB5253D364E00270D25 /* SceneDelegate.swift in Sources */ = {isa = PBXBuildFile; fileRef = D4348BB4253D364E00270D25 /* SceneDelegate.swift */; };
		D4348BB7253D364E00270D25 /* ContentView.swift in Sources */ = {isa = PBXBuildFile; fileRef = D4348BB6253D364E00270D25 /* ContentView.swift */; };
		D4348BBA253D364E00270D25 /* CoreDataToDo.xcdatamodeld in Sources */ = {isa = PBXBuildFile; fileRef = D4348BB8253D364E00270D25 /* CoreDataToDo.xcdatamodeld */; };
		D4348BBC253D365200270D25 /* Assets.xcassets in Resources */ = {isa = PBXBuildFile; fileRef = D4348BBB253D365200270D25 /* Assets.xcassets */; };
		D4348BBF253D365200270D25 /* Preview Assets.xcassets in Resources */ = {isa = PBXBuildFile; fileRef = D4348BBE253D365200270D25 /* Preview Assets.xcassets */; };
		D4348BC2253D365200270D25 /* LaunchScreen.storyboard in Resources */ = {isa = PBXBuildFile; fileRef = D4348BC0253D365200270D25 /* LaunchScreen.storyboard */; };
		D4348BCC253D36CA00270D25 /* ToDoItem+CoreDataClass.swift in Sources */ = {isa = PBXBuildFile; fileRef = D4348BCA253D36CA00270D25 /* ToDoItem+CoreDataClass.swift */; };
		D4348BCD253D36CA00270D25 /* ToDoItem+CoreDataProperties.swift in Sources */ = {isa = PBXBuildFile; fileRef = D4348BCB253D36CA00270D25 /* ToDoItem+CoreDataProperties.swift */; };
		D4348BD0253D447800270D25 /* TodoItemView.swift in Sources */ = {isa = PBXBuildFile; fileRef = D4348BCF253D447800270D25 /* TodoItemView.swift */; };
/* End PBXBuildFile section */

/* Begin PBXFileReference section */
		D4348BAF253D364E00270D25 /* CoreDataToDo.app */ = {isa = PBXFileReference; explicitFileType = wrapper.application; includeInIndex = 0; path = CoreDataToDo.app; sourceTree = BUILT_PRODUCTS_DIR; };
		D4348BB2253D364E00270D25 /* AppDelegate.swift */ = {isa = PBXFileReference; lastKnownFileType = sourcecode.swift; path = AppDelegate.swift; sourceTree = "<group>"; };
		D4348BB4253D364E00270D25 /* SceneDelegate.swift */ = {isa = PBXFileReference; lastKnownFileType = sourcecode.swift; path = SceneDelegate.swift; sourceTree = "<group>"; };
		D4348BB6253D364E00270D25 /* ContentView.swift */ = {isa = PBXFileReference; lastKnownFileType = sourcecode.swift; path = ContentView.swift; sourceTree = "<group>"; };
		D4348BB9253D364E00270D25 /* CoreDataToDo.xcdatamodel */ = {isa = PBXFileReference; lastKnownFileType = wrapper.xcdatamodel; path = CoreDataToDo.xcdatamodel; sourceTree = "<group>"; };
		D4348BBB253D365200270D25 /* Assets.xcassets */ = {isa = PBXFileReference; lastKnownFileType = folder.assetcatalog; path = Assets.xcassets; sourceTree = "<group>"; };
		D4348BBE253D365200270D25 /* Preview Assets.xcassets */ = {isa = PBXFileReference; lastKnownFileType = folder.assetcatalog; path = "Preview Assets.xcassets"; sourceTree = "<group>"; };
		D4348BC1253D365200270D25 /* Base */ = {isa = PBXFileReference; lastKnownFileType = file.storyboard; name = Base; path = Base.lproj/LaunchScreen.storyboard; sourceTree = "<group>"; };
		D4348BC3253D365200270D25 /* Info.plist */ = {isa = PBXFileReference; lastKnownFileType = text.plist.xml; path = Info.plist; sourceTree = "<group>"; };
		D4348BCA253D36CA00270D25 /* ToDoItem+CoreDataClass.swift */ = {isa = PBXFileReference; lastKnownFileType = sourcecode.swift; path = "ToDoItem+CoreDataClass.swift"; sourceTree = "<group>"; };
		D4348BCB253D36CA00270D25 /* ToDoItem+CoreDataProperties.swift */ = {isa = PBXFileReference; lastKnownFileType = sourcecode.swift; path = "ToDoItem+CoreDataProperties.swift"; sourceTree = "<group>"; };
		D4348BCF253D447800270D25 /* TodoItemView.swift */ = {isa = PBXFileReference; lastKnownFileType = sourcecode.swift; path = TodoItemView.swift; sourceTree = "<group>"; };
/* End PBXFileReference section */

/* Begin PBXFrameworksBuildPhase section */
		D4348BAC253D364E00270D25 /* Frameworks */ = {
			isa = PBXFrameworksBuildPhase;
			buildActionMask = 2147483647;
			files = (
			);
			runOnlyForDeploymentPostprocessing = 0;
		};
/* End PBXFrameworksBuildPhase section */

/* Begin PBXGroup section */
		D4348BA6253D364E00270D25 = {
			isa = PBXGroup;
			children = (
				D4348BB1253D364E00270D25 /* CoreDataToDo */,
				D4348BB0253D364E00270D25 /* Products */,
			);
			sourceTree = "<group>";
		};
		D4348BB0253D364E00270D25 /* Products */ = {
			isa = PBXGroup;
			children = (
				D4348BAF253D364E00270D25 /* CoreDataToDo.app */,
			);
			name = Products;
			sourceTree = "<group>";
		};
		D4348BB1253D364E00270D25 /* CoreDataToDo */ = {
			isa = PBXGroup;
			children = (
				D4348BB2253D364E00270D25 /* AppDelegate.swift */,
				D4348BB4253D364E00270D25 /* SceneDelegate.swift */,
				D4348BB6253D364E00270D25 /* ContentView.swift */,
				D4348BCF253D447800270D25 /* TodoItemView.swift */,
				D4348BBB253D365200270D25 /* Assets.xcassets */,
				D4348BC0253D365200270D25 /* LaunchScreen.storyboard */,
				D4348BC3253D365200270D25 /* Info.plist */,
				D4348BCA253D36CA00270D25 /* ToDoItem+CoreDataClass.swift */,
				D4348BCB253D36CA00270D25 /* ToDoItem+CoreDataProperties.swift */,
				D4348BB8253D364E00270D25 /* CoreDataToDo.xcdatamodeld */,
				D4348BBD253D365200270D25 /* Preview Content */,
			);
			path = CoreDataToDo;
			sourceTree = "<group>";
		};
		D4348BBD253D365200270D25 /* Preview Content */ = {
			isa = PBXGroup;
			children = (
				D4348BBE253D365200270D25 /* Preview Assets.xcassets */,
			);
			path = "Preview Content";
			sourceTree = "<group>";
		};
/* End PBXGroup section */

/* Begin PBXNativeTarget section */
		D4348BAE253D364E00270D25 /* CoreDataToDo */ = {
			isa = PBXNativeTarget;
			buildConfigurationList = D4348BC6253D365200270D25 /* Build configuration list for PBXNativeTarget "CoreDataToDo" */;
			buildPhases = (
				D4348BAB253D364E00270D25 /* Sources */,
				D4348BAC253D364E00270D25 /* Frameworks */,
				D4348BAD253D364E00270D25 /* Resources */,
			);
			buildRules = (
			);
			dependencies = (
			);
			name = CoreDataToDo;
			productName = CoreDataToDo;
			productReference = D4348BAF253D364E00270D25 /* CoreDataToDo.app */;
			productType = "com.apple.product-type.application";
		};
/* End PBXNativeTarget section */

/* Begin PBXProject section */
		D4348BA7253D364E00270D25 /* Project object */ = {
			isa = PBXProject;
			attributes = {
				LastSwiftUpdateCheck = 1200;
				LastUpgradeCheck = 1200;
				TargetAttributes = {
					D4348BAE253D364E00270D25 = {
						CreatedOnToolsVersion = 12.0.1;
					};
				};
			};
			buildConfigurationList = D4348BAA253D364E00270D25 /* Build configuration list for PBXProject "CoreDataToDo" */;
			compatibilityVersion = "Xcode 9.3";
			developmentRegion = en;
			hasScannedForEncodings = 0;
			knownRegions = (
				en,
				Base,
			);
			mainGroup = D4348BA6253D364E00270D25;
			productRefGroup = D4348BB0253D364E00270D25 /* Products */;
			projectDirPath = "";
			projectRoot = "";
			targets = (
				D4348BAE253D364E00270D25 /* CoreDataToDo */,
			);
		};
/* End PBXProject section */

/* Begin PBXResourcesBuildPhase section */
		D4348BAD253D364E00270D25 /* Resources */ = {
			isa = PBXResourcesBuildPhase;
			buildActionMask = 2147483647;
			files = (
				D4348BC2253D365200270D25 /* LaunchScreen.storyboard in Resources */,
				D4348BBF253D365200270D25 /* Preview Assets.xcassets in Resources */,
				D4348BBC253D365200270D25 /* Assets.xcassets in Resources */,
			);
			runOnlyForDeploymentPostprocessing = 0;
		};
/* End PBXResourcesBuildPhase section */

/* Begin PBXSourcesBuildPhase section */
		D4348BAB253D364E00270D25 /* Sources */ = {
			isa = PBXSourcesBuildPhase;
			buildActionMask = 2147483647;
			files = (
				D4348BB3253D364E00270D25 /* AppDelegate.swift in Sources */,
				D4348BB5253D364E00270D25 /* SceneDelegate.swift in Sources */,
				D4348BBA253D364E00270D25 /* CoreDataToDo.xcdatamodeld in Sources */,
				D4348BCC253D36CA00270D25 /* ToDoItem+CoreDataClass.swift in Sources */,
				D4348BCD253D36CA00270D25 /* ToDoItem+CoreDataProperties.swift in Sources */,
				D4348BD0253D447800270D25 /* TodoItemView.swift in Sources */,
				D4348BB7253D364E00270D25 /* ContentView.swift in Sources */,
			);
			runOnlyForDeploymentPostprocessing = 0;
		};
/* End PBXSourcesBuildPhase section */

/* Begin PBXVariantGroup section */
		D4348BC0253D365200270D25 /* LaunchScreen.storyboard */ = {
			isa = PBXVariantGroup;
			children = (
				D4348BC1253D365200270D25 /* Base */,
			);
			name = LaunchScreen.storyboard;
			sourceTree = "<group>";
		};
/* End PBXVariantGroup section */

/* Begin XCBuildConfiguration section */
		D4348BC4253D365200270D25 /* Debug */ = {
			isa = XCBuildConfiguration;
			buildSettings = {
				ALWAYS_SEARCH_USER_PATHS = NO;
				CLANG_ANALYZER_NONNULL = YES;
				CLANG_ANALYZER_NUMBER_OBJECT_CONVERSION = YES_AGGRESSIVE;
				CLANG_CXX_LANGUAGE_STANDARD = "gnu++14";
				CLANG_CXX_LIBRARY = "libc++";
				CLANG_ENABLE_MODULES = YES;
				CLANG_ENABLE_OBJC_ARC = YES;
				CLANG_ENABLE_OBJC_WEAK = YES;
				CLANG_WARN_BLOCK_CAPTURE_AUTORELEASING = YES;
				CLANG_WARN_BOOL_CONVERSION = YES;
				CLANG_WARN_COMMA = YES;
				CLANG_WARN_CONSTANT_CONVERSION = YES;
				CLANG_WARN_DEPRECATED_OBJC_IMPLEMENTATIONS = YES;
				CLANG_WARN_DIRECT_OBJC_ISA_USAGE = YES_ERROR;
				CLANG_WARN_DOCUMENTATION_COMMENTS = YES;
				CLANG_WARN_EMPTY_BODY = YES;
				CLANG_WARN_ENUM_CONVERSION = YES;
				CLANG_WARN_INFINITE_RECURSION = YES;
				CLANG_WARN_INT_CONVERSION = YES;
				CLANG_WARN_NON_LITERAL_NULL_CONVERSION = YES;
				CLANG_WARN_OBJC_IMPLICIT_RETAIN_SELF = YES;
				CLANG_WARN_OBJC_LITERAL_CONVERSION = YES;
				CLANG_WARN_OBJC_ROOT_CLASS = YES_ERROR;
				CLANG_WARN_QUOTED_INCLUDE_IN_FRAMEWORK_HEADER = YES;
				CLANG_WARN_RANGE_LOOP_ANALYSIS = YES;
				CLANG_WARN_STRICT_PROTOTYPES = YES;
				CLANG_WARN_SUSPICIOUS_MOVE = YES;
				CLANG_WARN_UNGUARDED_AVAILABILITY = YES_AGGRESSIVE;
				CLANG_WARN_UNREACHABLE_CODE = YES;
				CLANG_WARN__DUPLICATE_METHOD_MATCH = YES;
				COPY_PHASE_STRIP = NO;
				DEBUG_INFORMATION_FORMAT = dwarf;
				ENABLE_STRICT_OBJC_MSGSEND = YES;
				ENABLE_TESTABILITY = YES;
				GCC_C_LANGUAGE_STANDARD = gnu11;
				GCC_DYNAMIC_NO_PIC = NO;
				GCC_NO_COMMON_BLOCKS = YES;
				GCC_OPTIMIZATION_LEVEL = 0;
				GCC_PREPROCESSOR_DEFINITIONS = (
					"DEBUG=1",
					"$(inherited)",
				);
				GCC_WARN_64_TO_32_BIT_CONVERSION = YES;
				GCC_WARN_ABOUT_RETURN_TYPE = YES_ERROR;
				GCC_WARN_UNDECLARED_SELECTOR = YES;
				GCC_WARN_UNINITIALIZED_AUTOS = YES_AGGRESSIVE;
				GCC_WARN_UNUSED_FUNCTION = YES;
				GCC_WARN_UNUSED_VARIABLE = YES;
				IPHONEOS_DEPLOYMENT_TARGET = 14.0;
				MTL_ENABLE_DEBUG_INFO = INCLUDE_SOURCE;
				MTL_FAST_MATH = YES;
				ONLY_ACTIVE_ARCH = YES;
				SDKROOT = iphoneos;
				SWIFT_ACTIVE_COMPILATION_CONDITIONS = DEBUG;
				SWIFT_OPTIMIZATION_LEVEL = "-Onone";
			};
			name = Debug;
		};
		D4348BC5253D365200270D25 /* Release */ = {
			isa = XCBuildConfiguration;
			buildSettings = {
				ALWAYS_SEARCH_USER_PATHS = NO;
				CLANG_ANALYZER_NONNULL = YES;
				CLANG_ANALYZER_NUMBER_OBJECT_CONVERSION = YES_AGGRESSIVE;
				CLANG_CXX_LANGUAGE_STANDARD = "gnu++14";
				CLANG_CXX_LIBRARY = "libc++";
				CLANG_ENABLE_MODULES = YES;
				CLANG_ENABLE_OBJC_ARC = YES;
				CLANG_ENABLE_OBJC_WEAK = YES;
				CLANG_WARN_BLOCK_CAPTURE_AUTORELEASING = YES;
				CLANG_WARN_BOOL_CONVERSION = YES;
				CLANG_WARN_COMMA = YES;
				CLANG_WARN_CONSTANT_CONVERSION = YES;
				CLANG_WARN_DEPRECATED_OBJC_IMPLEMENTATIONS = YES;
				CLANG_WARN_DIRECT_OBJC_ISA_USAGE = YES_ERROR;
				CLANG_WARN_DOCUMENTATION_COMMENTS = YES;
				CLANG_WARN_EMPTY_BODY = YES;
				CLANG_WARN_ENUM_CONVERSION = YES;
				CLANG_WARN_INFINITE_RECURSION = YES;
				CLANG_WARN_INT_CONVERSION = YES;
				CLANG_WARN_NON_LITERAL_NULL_CONVERSION = YES;
				CLANG_WARN_OBJC_IMPLICIT_RETAIN_SELF = YES;
				CLANG_WARN_OBJC_LITERAL_CONVERSION = YES;
				CLANG_WARN_OBJC_ROOT_CLASS = YES_ERROR;
				CLANG_WARN_QUOTED_INCLUDE_IN_FRAMEWORK_HEADER = YES;
				CLANG_WARN_RANGE_LOOP_ANALYSIS = YES;
				CLANG_WARN_STRICT_PROTOTYPES = YES;
				CLANG_WARN_SUSPICIOUS_MOVE = YES;
				CLANG_WARN_UNGUARDED_AVAILABILITY = YES_AGGRESSIVE;
				CLANG_WARN_UNREACHABLE_CODE = YES;
				CLANG_WARN__DUPLICATE_METHOD_MATCH = YES;
				COPY_PHASE_STRIP = NO;
				DEBUG_INFORMATION_FORMAT = "dwarf-with-dsym";
				ENABLE_NS_ASSERTIONS = NO;
				ENABLE_STRICT_OBJC_MSGSEND = YES;
				GCC_C_LANGUAGE_STANDARD = gnu11;
				GCC_NO_COMMON_BLOCKS = YES;
				GCC_WARN_64_TO_32_BIT_CONVERSION = YES;
				GCC_WARN_ABOUT_RETURN_TYPE = YES_ERROR;
				GCC_WARN_UNDECLARED_SELECTOR = YES;
				GCC_WARN_UNINITIALIZED_AUTOS = YES_AGGRESSIVE;
				GCC_WARN_UNUSED_FUNCTION = YES;
				GCC_WARN_UNUSED_VARIABLE = YES;
				IPHONEOS_DEPLOYMENT_TARGET = 14.0;
				MTL_ENABLE_DEBUG_INFO = NO;
				MTL_FAST_MATH = YES;
				SDKROOT = iphoneos;
				SWIFT_COMPILATION_MODE = wholemodule;
				SWIFT_OPTIMIZATION_LEVEL = "-O";
				VALIDATE_PRODUCT = YES;
			};
			name = Release;
		};
		D4348BC7253D365200270D25 /* Debug */ = {
			isa = XCBuildConfiguration;
			buildSettings = {
				ASSETCATALOG_COMPILER_APPICON_NAME = AppIcon;
				ASSETCATALOG_COMPILER_GLOBAL_ACCENT_COLOR_NAME = AccentColor;
				CODE_SIGN_STYLE = Automatic;
				DEVELOPMENT_ASSET_PATHS = "\"CoreDataToDo/Preview Content\"";
				DEVELOPMENT_TEAM = 8YMG4SKZ64;
				ENABLE_PREVIEWS = YES;
				INFOPLIST_FILE = CoreDataToDo/Info.plist;
				LD_RUNPATH_SEARCH_PATHS = (
					"$(inherited)",
					"@executable_path/Frameworks",
				);
				PRODUCT_BUNDLE_IDENTIFIER = study.self.CoreDataToDo;
				PRODUCT_NAME = "$(TARGET_NAME)";
				SWIFT_VERSION = 5.0;
				TARGETED_DEVICE_FAMILY = "1,2";
			};
			name = Debug;
		};
		D4348BC8253D365200270D25 /* Release */ = {
			isa = XCBuildConfiguration;
			buildSettings = {
				ASSETCATALOG_COMPILER_APPICON_NAME = AppIcon;
				ASSETCATALOG_COMPILER_GLOBAL_ACCENT_COLOR_NAME = AccentColor;
				CODE_SIGN_STYLE = Automatic;
				DEVELOPMENT_ASSET_PATHS = "\"CoreDataToDo/Preview Content\"";
				DEVELOPMENT_TEAM = 8YMG4SKZ64;
				ENABLE_PREVIEWS = YES;
				INFOPLIST_FILE = CoreDataToDo/Info.plist;
				LD_RUNPATH_SEARCH_PATHS = (
					"$(inherited)",
					"@executable_path/Frameworks",
				);
				PRODUCT_BUNDLE_IDENTIFIER = study.self.CoreDataToDo;
				PRODUCT_NAME = "$(TARGET_NAME)";
				SWIFT_VERSION = 5.0;
				TARGETED_DEVICE_FAMILY = "1,2";
			};
			name = Release;
		};
/* End XCBuildConfiguration section */

/* Begin XCConfigurationList section */
		D4348BAA253D364E00270D25 /* Build configuration list for PBXProject "CoreDataToDo" */ = {
			isa = XCConfigurationList;
			buildConfigurations = (
				D4348BC4253D365200270D25 /* Debug */,
				D4348BC5253D365200270D25 /* Release */,
			);
			defaultConfigurationIsVisible = 0;
			defaultConfigurationName = Release;
		};
		D4348BC6253D365200270D25 /* Build configuration list for PBXNativeTarget "CoreDataToDo" */ = {
			isa = XCConfigurationList;
			buildConfigurations = (
				D4348BC7253D365200270D25 /* Debug */,
				D4348BC8253D365200270D25 /* Release */,
			);
			defaultConfigurationIsVisible = 0;
			defaultConfigurationName = Release;
		};
/* End XCConfigurationList section */

/* Begin XCVersionGroup section */
		D4348BB8253D364E00270D25 /* CoreDataToDo.xcdatamodeld */ = {
			isa = XCVersionGroup;
			children = (
				D4348BB9253D364E00270D25 /* CoreDataToDo.xcdatamodel */,
			);
			currentVersion = D4348BB9253D364E00270D25 /* CoreDataToDo.xcdatamodel */;
			path = CoreDataToDo.xcdatamodeld;
			sourceTree = "<group>";
			versionGroupType = wrapper.xcdatamodel;
		};
/* End XCVersionGroup section */
	};
	rootObject = D4348BA7253D364E00270D25 /* Project object */;
}
